// !$*UTF8*$!
{
	archiveVersion = 1;
	classes = {
	};
	objectVersion = 46;
	objects = {
/* Begin PBXBuildFile section */
		1D3623260D0F684500981E51 /* AppDelegate.m in Sources */ = {isa = PBXBuildFile; fileRef = 1D3623250D0F684500981E51 /* AppDelegate.m */; };
		1D60589B0D05DD56006BFB54 /* main.m in Sources */ = {isa = PBXBuildFile; fileRef = 29B97316FDCFA39411CA2CEA /* main.m */; };
		288765FD0DF74451002DB57D /* CoreGraphics.framework in Frameworks */ = {isa = PBXBuildFile; fileRef = 288765FC0DF74451002DB57D /* CoreGraphics.framework */; };
		301BF552109A68D80062928A /* libCordova.a in Frameworks */ = {isa = PBXBuildFile; fileRef = 301BF535109A57CC0062928A /* libCordova.a */; };
		302D95F114D2391D003F00A1 /* MainViewController.m in Sources */ = {isa = PBXBuildFile; fileRef = 302D95EF14D2391D003F00A1 /* MainViewController.m */; };
		302D95F214D2391D003F00A1 /* MainViewController.xib in Resources */ = {isa = PBXBuildFile; fileRef = 302D95F014D2391D003F00A1 /* MainViewController.xib */; };
		305D5FD1115AB8F900A74A75 /* MobileCoreServices.framework in Frameworks */ = {isa = PBXBuildFile; fileRef = 305D5FD0115AB8F900A74A75 /* MobileCoreServices.framework */; };
		3088BBBD154F3926009F9C59 /* Default-Landscape@2x~ipad.png in Resources */ = {isa = PBXBuildFile; fileRef = 3088BBB7154F3926009F9C59 /* Default-Landscape@2x~ipad.png */; };
		3088BBBE154F3926009F9C59 /* Default-Landscape~ipad.png in Resources */ = {isa = PBXBuildFile; fileRef = 3088BBB8154F3926009F9C59 /* Default-Landscape~ipad.png */; };
		3088BBBF154F3926009F9C59 /* Default-Portrait@2x~ipad.png in Resources */ = {isa = PBXBuildFile; fileRef = 3088BBB9154F3926009F9C59 /* Default-Portrait@2x~ipad.png */; };
		3088BBC0154F3926009F9C59 /* Default-Portrait~ipad.png in Resources */ = {isa = PBXBuildFile; fileRef = 3088BBBA154F3926009F9C59 /* Default-Portrait~ipad.png */; };
		3088BBC1154F3926009F9C59 /* Default@2x~iphone.png in Resources */ = {isa = PBXBuildFile; fileRef = 3088BBBB154F3926009F9C59 /* Default@2x~iphone.png */; };
		3088BBC2154F3926009F9C59 /* Default~iphone.png in Resources */ = {isa = PBXBuildFile; fileRef = 3088BBBC154F3926009F9C59 /* Default~iphone.png */; };
		308D05371370CCF300D202BF /* icon-72.png in Resources */ = {isa = PBXBuildFile; fileRef = 308D052E1370CCF300D202BF /* icon-72.png */; };
		308D05381370CCF300D202BF /* icon.png in Resources */ = {isa = PBXBuildFile; fileRef = 308D052F1370CCF300D202BF /* icon.png */; };
		308D05391370CCF300D202BF /* icon@2x.png in Resources */ = {isa = PBXBuildFile; fileRef = 308D05301370CCF300D202BF /* icon@2x.png */; };
		30B4F30019D5E07200D9F7D8 /* Default-667h.png in Resources */ = {isa = PBXBuildFile; fileRef = 30B4F2FD19D5E07200D9F7D8 /* Default-667h.png */; };
		30B4F30119D5E07200D9F7D8 /* Default-736h.png in Resources */ = {isa = PBXBuildFile; fileRef = 30B4F2FE19D5E07200D9F7D8 /* Default-736h.png */; };
		30B4F30219D5E07200D9F7D8 /* Default-Landscape-736h.png in Resources */ = {isa = PBXBuildFile; fileRef = 30B4F2FF19D5E07200D9F7D8 /* Default-Landscape-736h.png */; };
		30C1856619D5FC0A00212699 /* icon-60@3x.png in Resources */ = {isa = PBXBuildFile; fileRef = 30C1856519D5FC0A00212699 /* icon-60@3x.png */; };
		30FC414916E50CA1004E6F35 /* icon-72@2x.png in Resources */ = {isa = PBXBuildFile; fileRef = 30FC414816E50CA1004E6F35 /* icon-72@2x.png */; };
		5B1594DD16A7569C00FEF299 /* AssetsLibrary.framework in Frameworks */ = {isa = PBXBuildFile; fileRef = 5B1594DC16A7569C00FEF299 /* AssetsLibrary.framework */; };
		7E7966DE1810823500FA85AD /* icon-40.png in Resources */ = {isa = PBXBuildFile; fileRef = 7E7966D41810823500FA85AD /* icon-40.png */; };
		7E7966DF1810823500FA85AD /* icon-40@2x.png in Resources */ = {isa = PBXBuildFile; fileRef = 7E7966D51810823500FA85AD /* icon-40@2x.png */; };
		7E7966E01810823500FA85AD /* icon-50.png in Resources */ = {isa = PBXBuildFile; fileRef = 7E7966D61810823500FA85AD /* icon-50.png */; };
		7E7966E11810823500FA85AD /* icon-50@2x.png in Resources */ = {isa = PBXBuildFile; fileRef = 7E7966D71810823500FA85AD /* icon-50@2x.png */; };
		7E7966E21810823500FA85AD /* icon-60.png in Resources */ = {isa = PBXBuildFile; fileRef = 7E7966D81810823500FA85AD /* icon-60.png */; };
		7E7966E31810823500FA85AD /* icon-60@2x.png in Resources */ = {isa = PBXBuildFile; fileRef = 7E7966D91810823500FA85AD /* icon-60@2x.png */; };
		7E7966E41810823500FA85AD /* icon-76.png in Resources */ = {isa = PBXBuildFile; fileRef = 7E7966DA1810823500FA85AD /* icon-76.png */; };
		7E7966E51810823500FA85AD /* icon-76@2x.png in Resources */ = {isa = PBXBuildFile; fileRef = 7E7966DB1810823500FA85AD /* icon-76@2x.png */; };
		7E7966E61810823500FA85AD /* icon-small.png in Resources */ = {isa = PBXBuildFile; fileRef = 7E7966DC1810823500FA85AD /* icon-small.png */; };
		7E7966E71810823500FA85AD /* icon-small@2x.png in Resources */ = {isa = PBXBuildFile; fileRef = 7E7966DD1810823500FA85AD /* icon-small@2x.png */; };
		D4A0D8761607E02300AEF8BB /* Default-568h@2x~iphone.png in Resources */ = {isa = PBXBuildFile; fileRef = D4A0D8751607E02300AEF8BB /* Default-568h@2x~iphone.png */; };
		D8A7721240CE4C5F8E0840DB /* CoreLocation.framework in Frameworks */ = {isa = PBXBuildFile; fileRef = BD9D95FE532247C9806193DF /* CoreLocation.framework */; };
		4F3991BEA78848C59B280BCE /* SOSPicker.m in Sources */ = {isa = PBXBuildFile; fileRef = E6ACBEBD0F9D41C385475931 /* SOSPicker.m */; };
		4987A60080AB435299105E66 /* ELCAlbumPickerController.m in Sources */ = {isa = PBXBuildFile; fileRef = FFA58C867D9943D982E86D41 /* ELCAlbumPickerController.m */; };
		B1F9972B2686485FA96FF847 /* ELCAsset.m in Sources */ = {isa = PBXBuildFile; fileRef = 57C7BB24B70E45DDA56B0E25 /* ELCAsset.m */; };
		9F3B5934804A4A808458DD20 /* ELCAssetCell.m in Sources */ = {isa = PBXBuildFile; fileRef = B05E08F6B3B7415F9BC0A67C /* ELCAssetCell.m */; };
		52ECD313617442D580CAB3EC /* ELCAssetTablePicker.m in Sources */ = {isa = PBXBuildFile; fileRef = 2B3B0173C84B4D339E193A2C /* ELCAssetTablePicker.m */; };
		F48C8B41A91A460EAB64B4DC /* ELCImagePickerController.m in Sources */ = {isa = PBXBuildFile; fileRef = 522E8D2907334681BF9213D8 /* ELCImagePickerController.m */; };
		1A457D8502FD4CE4ACE686F8 /* ELCAlbumPickerController.xib in Resources */ = {isa = PBXBuildFile; fileRef = C517A6AAE3514F3293531E4A /* ELCAlbumPickerController.xib */; };
		32272CFA9B5A4799B724BC07 /* ELCAssetPicker.xib in Resources */ = {isa = PBXBuildFile; fileRef = 0F17BE4CB0FA45E0AAD2E752 /* ELCAssetPicker.xib */; };
		A28DE6F1B2F340CE9FF0FF19 /* ELCAssetTablePicker.xib in Resources */ = {isa = PBXBuildFile; fileRef = FD7D59EC3C73430EB4AC46F9 /* ELCAssetTablePicker.xib */; };
		A5AEEB3395554FE5B476A9F6 /* Overlay.png in Resources */ = {isa = PBXBuildFile; fileRef = 5B9902859802430EA0239788 /* Overlay.png */; };
		98164BD3A37E49F593EFF8E9 /* Overlay@2x.png in Resources */ = {isa = PBXBuildFile; fileRef = A11A2CABDC2349B68B0755A8 /* Overlay@2x.png */; };
		DE67A9CCE71D4C2B9B680B6D /* CDVLogger.m in Sources */ = {isa = PBXBuildFile; fileRef = C1875BA621A84FA3A1F2D966 /* CDVLogger.m */; };
		40F7859AAED6413AA86B07BC /* CDVDevice.m in Sources */ = {isa = PBXBuildFile; fileRef = B2A492C78B894B6BA122FC11 /* CDVDevice.m */; };
		000CA2592238438E861C6C77 /* CDVSplashScreen.m in Sources */ = {isa = PBXBuildFile; fileRef = FA9E5376F4B542B7B7F24FEA /* CDVSplashScreen.m */; };
		5B680711E0104C21A8DE2C01 /* CDVViewController+SplashScreen.m in Sources */ = {isa = PBXBuildFile; fileRef = 3F7E013E2ED04937A09FC96E /* CDVViewController+SplashScreen.m */; };
		F22859D2E4CD4D1B8C1379F8 /* CDVStatusBar.m in Sources */ = {isa = PBXBuildFile; fileRef = B5325CBF62AC458DA18C260A /* CDVStatusBar.m */; };
		AAAC8D6CF42749DBA9E574C1 /* IonicKeyboard.m in Sources */ = {isa = PBXBuildFile; fileRef = 71F9DCB8EDF54957A1832FDC /* IonicKeyboard.m */; };
		A744143B015547E291C4E931 /* UIWebViewExtension.m in Sources */ = {isa = PBXBuildFile; fileRef = A35C49D44DAC4992A5F89981 /* UIWebViewExtension.m */; };
		5EDA7FAB7F3A4198A17DD59D /* CDVSound.m in Sources */ = {isa = PBXBuildFile; fileRef = 96AE0D3B0E624BFBBB23D08C /* CDVSound.m */; };
		8928D77FE0A84F2BB7E3B366 /* CDVLocation.m in Sources */ = {isa = PBXBuildFile; fileRef = C7A2C57B64794CCFAFFC990B /* CDVLocation.m */; };
		BA606A8D9EC0426098BC97AB /* CDVFile.m in Sources */ = {isa = PBXBuildFile; fileRef = 09B62F379DDD435A9635EB9A /* CDVFile.m */; };
		52BE791D48924A5099FD92C8 /* CDVLocalFilesystem.m in Sources */ = {isa = PBXBuildFile; fileRef = C01CA525DB0A40B29F142047 /* CDVLocalFilesystem.m */; };
		BED6E1FB48A4494CA155936E /* CDVAssetLibraryFilesystem.m in Sources */ = {isa = PBXBuildFile; fileRef = 98335C12077F4446905D2AD7 /* CDVAssetLibraryFilesystem.m */; };
/* End PBXBuildFile section */

/* Begin PBXContainerItemProxy section */
		301BF534109A57CC0062928A /* PBXContainerItemProxy */ = {
			isa = PBXContainerItemProxy;
			containerPortal = 301BF52D109A57CC0062928A /* CordovaLib.xcodeproj */;
			proxyType = 2;
			remoteGlobalIDString = D2AAC07E0554694100DB518D;
			remoteInfo = CordovaLib;
		};
		301BF550109A68C00062928A /* PBXContainerItemProxy */ = {
			isa = PBXContainerItemProxy;
			containerPortal = 301BF52D109A57CC0062928A /* CordovaLib.xcodeproj */;
			proxyType = 1;
			remoteGlobalIDString = D2AAC07D0554694100DB518D;
			remoteInfo = CordovaLib;
		};
/* End PBXContainerItemProxy section */

/* Begin PBXFileReference section */
		1D3623240D0F684500981E51 /* AppDelegate.h */ = {isa = PBXFileReference; fileEncoding = 4; lastKnownFileType = sourcecode.c.h; path = AppDelegate.h; sourceTree = "<group>"; };
		1D3623250D0F684500981E51 /* AppDelegate.m */ = {isa = PBXFileReference; fileEncoding = 4; lastKnownFileType = sourcecode.c.objc; path = AppDelegate.m; sourceTree = "<group>"; };
		1D6058910D05DD3D006BFB54 /* Campture.app */ = {isa = PBXFileReference; explicitFileType = wrapper.application; includeInIndex = 0; path = "Campture.app"; sourceTree = BUILT_PRODUCTS_DIR; };
		1F766FDD13BBADB100FB74C0 /* en */ = {isa = PBXFileReference; lastKnownFileType = text.plist.strings; name = en; path = Localizable.strings; sourceTree = "<group>"; };
		1F766FE013BBADB100FB74C0 /* es */ = {isa = PBXFileReference; lastKnownFileType = text.plist.strings; name = es; path = Localizable.strings; sourceTree = "<group>"; };
		288765FC0DF74451002DB57D /* CoreGraphics.framework */ = {isa = PBXFileReference; lastKnownFileType = wrapper.framework; name = CoreGraphics.framework; path = System/Library/Frameworks/CoreGraphics.framework; sourceTree = SDKROOT; };
		29B97316FDCFA39411CA2CEA /* main.m */ = {isa = PBXFileReference; fileEncoding = 4; lastKnownFileType = sourcecode.c.objc; path = main.m; sourceTree = "<group>"; };
		301BF52D109A57CC0062928A /* CordovaLib.xcodeproj */ = {isa = PBXFileReference; lastKnownFileType = "wrapper.pb-project"; name = CordovaLib.xcodeproj; path = CordovaLib/CordovaLib.xcodeproj; sourceTree = "<group>"; };
		301BF56E109A69640062928A /* www */ = {isa = PBXFileReference; lastKnownFileType = folder; path = www; sourceTree = SOURCE_ROOT; };
		302D95EE14D2391D003F00A1 /* MainViewController.h */ = {isa = PBXFileReference; fileEncoding = 4; lastKnownFileType = sourcecode.c.h; path = MainViewController.h; sourceTree = "<group>"; };
		302D95EF14D2391D003F00A1 /* MainViewController.m */ = {isa = PBXFileReference; fileEncoding = 4; lastKnownFileType = sourcecode.c.objc; path = MainViewController.m; sourceTree = "<group>"; };
		302D95F014D2391D003F00A1 /* MainViewController.xib */ = {isa = PBXFileReference; fileEncoding = 4; lastKnownFileType = file.xib; path = MainViewController.xib; sourceTree = "<group>"; };
		305D5FD0115AB8F900A74A75 /* MobileCoreServices.framework */ = {isa = PBXFileReference; lastKnownFileType = wrapper.framework; name = MobileCoreServices.framework; path = System/Library/Frameworks/MobileCoreServices.framework; sourceTree = SDKROOT; };
		3088BBB7154F3926009F9C59 /* Default-Landscape@2x~ipad.png */ = {isa = PBXFileReference; lastKnownFileType = image.png; path = "Default-Landscape@2x~ipad.png"; sourceTree = "<group>"; };
		3088BBB8154F3926009F9C59 /* Default-Landscape~ipad.png */ = {isa = PBXFileReference; lastKnownFileType = image.png; path = "Default-Landscape~ipad.png"; sourceTree = "<group>"; };
		3088BBB9154F3926009F9C59 /* Default-Portrait@2x~ipad.png */ = {isa = PBXFileReference; lastKnownFileType = image.png; path = "Default-Portrait@2x~ipad.png"; sourceTree = "<group>"; };
		3088BBBA154F3926009F9C59 /* Default-Portrait~ipad.png */ = {isa = PBXFileReference; lastKnownFileType = image.png; path = "Default-Portrait~ipad.png"; sourceTree = "<group>"; };
		3088BBBB154F3926009F9C59 /* Default@2x~iphone.png */ = {isa = PBXFileReference; lastKnownFileType = image.png; path = "Default@2x~iphone.png"; sourceTree = "<group>"; };
		3088BBBC154F3926009F9C59 /* Default~iphone.png */ = {isa = PBXFileReference; lastKnownFileType = image.png; path = "Default~iphone.png"; sourceTree = "<group>"; };
		308D052E1370CCF300D202BF /* icon-72.png */ = {isa = PBXFileReference; lastKnownFileType = image.png; path = "icon-72.png"; sourceTree = "<group>"; };
		308D052F1370CCF300D202BF /* icon.png */ = {isa = PBXFileReference; lastKnownFileType = image.png; path = icon.png; sourceTree = "<group>"; };
		308D05301370CCF300D202BF /* icon@2x.png */ = {isa = PBXFileReference; lastKnownFileType = image.png; path = "icon@2x.png"; sourceTree = "<group>"; };
		30B4F2FD19D5E07200D9F7D8 /* Default-667h.png */ = {isa = PBXFileReference; lastKnownFileType = image.png; path = "Default-667h.png"; sourceTree = "<group>"; };
		30B4F2FE19D5E07200D9F7D8 /* Default-736h.png */ = {isa = PBXFileReference; lastKnownFileType = image.png; path = "Default-736h.png"; sourceTree = "<group>"; };
		30B4F2FF19D5E07200D9F7D8 /* Default-Landscape-736h.png */ = {isa = PBXFileReference; lastKnownFileType = image.png; path = "Default-Landscape-736h.png"; sourceTree = "<group>"; };
		30C1856519D5FC0A00212699 /* icon-60@3x.png */ = {isa = PBXFileReference; lastKnownFileType = image.png; path = "icon-60@3x.png"; sourceTree = "<group>"; };
		30FC414816E50CA1004E6F35 /* icon-72@2x.png */ = {isa = PBXFileReference; lastKnownFileType = image.png; path = "icon-72@2x.png"; sourceTree = "<group>"; };
		32CA4F630368D1EE00C91783 /* Campture-Prefix.pch */ = {isa = PBXFileReference; fileEncoding = 4; lastKnownFileType = sourcecode.c.h; path = "Campture-Prefix.pch"; sourceTree = "<group>"; };
		5B1594DC16A7569C00FEF299 /* AssetsLibrary.framework */ = {isa = PBXFileReference; lastKnownFileType = wrapper.framework; name = AssetsLibrary.framework; path = System/Library/Frameworks/AssetsLibrary.framework; sourceTree = SDKROOT; };
		7E7966D41810823500FA85AD /* icon-40.png */ = {isa = PBXFileReference; lastKnownFileType = image.png; path = "icon-40.png"; sourceTree = "<group>"; };
		7E7966D51810823500FA85AD /* icon-40@2x.png */ = {isa = PBXFileReference; lastKnownFileType = image.png; path = "icon-40@2x.png"; sourceTree = "<group>"; };
		7E7966D61810823500FA85AD /* icon-50.png */ = {isa = PBXFileReference; lastKnownFileType = image.png; path = "icon-50.png"; sourceTree = "<group>"; };
		7E7966D71810823500FA85AD /* icon-50@2x.png */ = {isa = PBXFileReference; lastKnownFileType = image.png; path = "icon-50@2x.png"; sourceTree = "<group>"; };
		7E7966D81810823500FA85AD /* icon-60.png */ = {isa = PBXFileReference; lastKnownFileType = image.png; path = "icon-60.png"; sourceTree = "<group>"; };
		7E7966D91810823500FA85AD /* icon-60@2x.png */ = {isa = PBXFileReference; lastKnownFileType = image.png; path = "icon-60@2x.png"; sourceTree = "<group>"; };
		7E7966DA1810823500FA85AD /* icon-76.png */ = {isa = PBXFileReference; lastKnownFileType = image.png; path = "icon-76.png"; sourceTree = "<group>"; };
		7E7966DB1810823500FA85AD /* icon-76@2x.png */ = {isa = PBXFileReference; lastKnownFileType = image.png; path = "icon-76@2x.png"; sourceTree = "<group>"; };
		7E7966DC1810823500FA85AD /* icon-small.png */ = {isa = PBXFileReference; lastKnownFileType = image.png; path = "icon-small.png"; sourceTree = "<group>"; };
		7E7966DD1810823500FA85AD /* icon-small@2x.png */ = {isa = PBXFileReference; lastKnownFileType = image.png; path = "icon-small@2x.png"; sourceTree = "<group>"; };
		8D1107310486CEB800E47090 /* Campture-Info.plist */ = {isa = PBXFileReference; fileEncoding = 4; lastKnownFileType = text.plist.xml; name = "Campture-Info.plist"; path = "../Campture-Info.plist"; plistStructureDefinitionIdentifier = "com.apple.xcode.plist.structure-definition.iphone.info-plist"; sourceTree = "<group>"; };
		D4A0D8751607E02300AEF8BB /* Default-568h@2x~iphone.png */ = {isa = PBXFileReference; lastKnownFileType = image.png; path = "Default-568h@2x~iphone.png"; sourceTree = "<group>"; };
		EB87FDF21871DA7A0020F90C /* merges */ = {isa = PBXFileReference; lastKnownFileType = folder; name = merges; path = ../../merges; sourceTree = "<group>"; };
		EB87FDF31871DA8E0020F90C /* www */ = {isa = PBXFileReference; lastKnownFileType = folder; name = www; path = ../../www; sourceTree = "<group>"; };
		EB87FDF41871DAF40020F90C /* config.xml */ = {isa = PBXFileReference; lastKnownFileType = text.xml; name = config.xml; path = ../../config.xml; sourceTree = "<group>"; };
		F840E1F0165FE0F500CFE078 /* config.xml */ = {isa = PBXFileReference; lastKnownFileType = text.xml; name = config.xml; path = "Campture/config.xml"; sourceTree = "<group>"; };
		BD9D95FE532247C9806193DF /* CoreLocation.framework */ = {isa = PBXFileReference; lastKnownFileType = wrapper.framework; name = "CoreLocation.framework"; path = "System/Library/Frameworks/CoreLocation.framework"; sourceTree = SDKROOT; fileEncoding = 4; };
		E6ACBEBD0F9D41C385475931 /* SOSPicker.m */ = {isa = PBXFileReference; lastKnownFileType = sourcecode.c.objc; name = "SOSPicker.m"; path = "cordova-plugin-image-picker/SOSPicker.m"; sourceTree = "<group>"; fileEncoding = 4; };
		FFA58C867D9943D982E86D41 /* ELCAlbumPickerController.m */ = {isa = PBXFileReference; lastKnownFileType = sourcecode.c.objc; name = "ELCAlbumPickerController.m"; path = "cordova-plugin-image-picker/ELCAlbumPickerController.m"; sourceTree = "<group>"; fileEncoding = 4; };
		57C7BB24B70E45DDA56B0E25 /* ELCAsset.m */ = {isa = PBXFileReference; lastKnownFileType = sourcecode.c.objc; name = "ELCAsset.m"; path = "cordova-plugin-image-picker/ELCAsset.m"; sourceTree = "<group>"; fileEncoding = 4; };
		B05E08F6B3B7415F9BC0A67C /* ELCAssetCell.m */ = {isa = PBXFileReference; lastKnownFileType = sourcecode.c.objc; name = "ELCAssetCell.m"; path = "cordova-plugin-image-picker/ELCAssetCell.m"; sourceTree = "<group>"; fileEncoding = 4; };
		2B3B0173C84B4D339E193A2C /* ELCAssetTablePicker.m */ = {isa = PBXFileReference; lastKnownFileType = sourcecode.c.objc; name = "ELCAssetTablePicker.m"; path = "cordova-plugin-image-picker/ELCAssetTablePicker.m"; sourceTree = "<group>"; fileEncoding = 4; };
		522E8D2907334681BF9213D8 /* ELCImagePickerController.m */ = {isa = PBXFileReference; lastKnownFileType = sourcecode.c.objc; name = "ELCImagePickerController.m"; path = "cordova-plugin-image-picker/ELCImagePickerController.m"; sourceTree = "<group>"; fileEncoding = 4; };
		C97A3367E78E47CCA1204ACA /* SOSPicker.h */ = {isa = PBXFileReference; lastKnownFileType = sourcecode.c.h; name = "SOSPicker.h"; path = "cordova-plugin-image-picker/SOSPicker.h"; sourceTree = "<group>"; fileEncoding = 4; };
		C2B9FA2CC9544E30AFB2FAC3 /* ELCAlbumPickerController.h */ = {isa = PBXFileReference; lastKnownFileType = sourcecode.c.h; name = "ELCAlbumPickerController.h"; path = "cordova-plugin-image-picker/ELCAlbumPickerController.h"; sourceTree = "<group>"; fileEncoding = 4; };
		3F5004C003DB4875B848E306 /* ELCAsset.h */ = {isa = PBXFileReference; lastKnownFileType = sourcecode.c.h; name = "ELCAsset.h"; path = "cordova-plugin-image-picker/ELCAsset.h"; sourceTree = "<group>"; fileEncoding = 4; };
		50F66AC393E140A2ADB482D5 /* ELCAssetCell.h */ = {isa = PBXFileReference; lastKnownFileType = sourcecode.c.h; name = "ELCAssetCell.h"; path = "cordova-plugin-image-picker/ELCAssetCell.h"; sourceTree = "<group>"; fileEncoding = 4; };
		21302CD573F94310A24D6AC1 /* ELCAssetPickerFilterDelegate.h */ = {isa = PBXFileReference; lastKnownFileType = sourcecode.c.h; name = "ELCAssetPickerFilterDelegate.h"; path = "cordova-plugin-image-picker/ELCAssetPickerFilterDelegate.h"; sourceTree = "<group>"; fileEncoding = 4; };
		EBDA6585058E4231865344C3 /* ELCAssetSelectionDelegate.h */ = {isa = PBXFileReference; lastKnownFileType = sourcecode.c.h; name = "ELCAssetSelectionDelegate.h"; path = "cordova-plugin-image-picker/ELCAssetSelectionDelegate.h"; sourceTree = "<group>"; fileEncoding = 4; };
		05C1535FAB484C53B62A303A /* ELCAssetTablePicker.h */ = {isa = PBXFileReference; lastKnownFileType = sourcecode.c.h; name = "ELCAssetTablePicker.h"; path = "cordova-plugin-image-picker/ELCAssetTablePicker.h"; sourceTree = "<group>"; fileEncoding = 4; };
		109B210B7B5F4D2D80A0F5A5 /* ELCImagePickerController.h */ = {isa = PBXFileReference; lastKnownFileType = sourcecode.c.h; name = "ELCImagePickerController.h"; path = "cordova-plugin-image-picker/ELCImagePickerController.h"; sourceTree = "<group>"; fileEncoding = 4; };
		C517A6AAE3514F3293531E4A /* ELCAlbumPickerController.xib */ = {isa = PBXFileReference; lastKnownFileType = file.xib; name = "ELCAlbumPickerController.xib"; path = "ELCAlbumPickerController.xib"; sourceTree = "<group>"; fileEncoding = 4; };
		0F17BE4CB0FA45E0AAD2E752 /* ELCAssetPicker.xib */ = {isa = PBXFileReference; lastKnownFileType = file.xib; name = "ELCAssetPicker.xib"; path = "ELCAssetPicker.xib"; sourceTree = "<group>"; fileEncoding = 4; };
		FD7D59EC3C73430EB4AC46F9 /* ELCAssetTablePicker.xib */ = {isa = PBXFileReference; lastKnownFileType = file.xib; name = "ELCAssetTablePicker.xib"; path = "ELCAssetTablePicker.xib"; sourceTree = "<group>"; fileEncoding = 4; };
		5B9902859802430EA0239788 /* Overlay.png */ = {isa = PBXFileReference; lastKnownFileType = unknown; name = "Overlay.png"; path = "Overlay.png"; sourceTree = "<group>"; fileEncoding = 4; };
		A11A2CABDC2349B68B0755A8 /* Overlay@2x.png */ = {isa = PBXFileReference; lastKnownFileType = unknown; name = "Overlay@2x.png"; path = "Overlay@2x.png"; sourceTree = "<group>"; fileEncoding = 4; };
		C1875BA621A84FA3A1F2D966 /* CDVLogger.m */ = {isa = PBXFileReference; lastKnownFileType = sourcecode.c.objc; name = "CDVLogger.m"; path = "cordova-plugin-console/CDVLogger.m"; sourceTree = "<group>"; fileEncoding = 4; };
		0399247DB9F1425AB9871083 /* CDVLogger.h */ = {isa = PBXFileReference; lastKnownFileType = sourcecode.c.h; name = "CDVLogger.h"; path = "cordova-plugin-console/CDVLogger.h"; sourceTree = "<group>"; fileEncoding = 4; };
		B2A492C78B894B6BA122FC11 /* CDVDevice.m */ = {isa = PBXFileReference; lastKnownFileType = sourcecode.c.objc; name = "CDVDevice.m"; path = "cordova-plugin-device/CDVDevice.m"; sourceTree = "<group>"; fileEncoding = 4; };
		E6ECD1C4776B4370B3C3A3A3 /* CDVDevice.h */ = {isa = PBXFileReference; lastKnownFileType = sourcecode.c.h; name = "CDVDevice.h"; path = "cordova-plugin-device/CDVDevice.h"; sourceTree = "<group>"; fileEncoding = 4; };
		FA9E5376F4B542B7B7F24FEA /* CDVSplashScreen.m */ = {isa = PBXFileReference; lastKnownFileType = sourcecode.c.objc; name = "CDVSplashScreen.m"; path = "cordova-plugin-splashscreen/CDVSplashScreen.m"; sourceTree = "<group>"; fileEncoding = 4; };
		3F7E013E2ED04937A09FC96E /* CDVViewController+SplashScreen.m */ = {isa = PBXFileReference; lastKnownFileType = sourcecode.c.objc; name = "CDVViewController+SplashScreen.m"; path = "cordova-plugin-splashscreen/CDVViewController+SplashScreen.m"; sourceTree = "<group>"; fileEncoding = 4; };
		FE36372E831C489293794EA1 /* CDVSplashScreen.h */ = {isa = PBXFileReference; lastKnownFileType = sourcecode.c.h; name = "CDVSplashScreen.h"; path = "cordova-plugin-splashscreen/CDVSplashScreen.h"; sourceTree = "<group>"; fileEncoding = 4; };
		B2CFF547775247E1B717A0B5 /* CDVViewController+SplashScreen.h */ = {isa = PBXFileReference; lastKnownFileType = sourcecode.c.h; name = "CDVViewController+SplashScreen.h"; path = "cordova-plugin-splashscreen/CDVViewController+SplashScreen.h"; sourceTree = "<group>"; fileEncoding = 4; };
		B5325CBF62AC458DA18C260A /* CDVStatusBar.m */ = {isa = PBXFileReference; lastKnownFileType = sourcecode.c.objc; name = "CDVStatusBar.m"; path = "cordova-plugin-statusbar/CDVStatusBar.m"; sourceTree = "<group>"; fileEncoding = 4; };
		B2196A71EB88437AAC73F4E0 /* CDVStatusBar.h */ = {isa = PBXFileReference; lastKnownFileType = sourcecode.c.h; name = "CDVStatusBar.h"; path = "cordova-plugin-statusbar/CDVStatusBar.h"; sourceTree = "<group>"; fileEncoding = 4; };
		71F9DCB8EDF54957A1832FDC /* IonicKeyboard.m */ = {isa = PBXFileReference; lastKnownFileType = sourcecode.c.objc; name = "IonicKeyboard.m"; path = "ionic-plugin-keyboard/IonicKeyboard.m"; sourceTree = "<group>"; fileEncoding = 4; };
		A35C49D44DAC4992A5F89981 /* UIWebViewExtension.m */ = {isa = PBXFileReference; lastKnownFileType = sourcecode.c.objc; name = "UIWebViewExtension.m"; path = "ionic-plugin-keyboard/UIWebViewExtension.m"; sourceTree = "<group>"; fileEncoding = 4; };
		0BFF97159FF64E0C9E43914A /* IonicKeyboard.h */ = {isa = PBXFileReference; lastKnownFileType = sourcecode.c.h; name = "IonicKeyboard.h"; path = "ionic-plugin-keyboard/IonicKeyboard.h"; sourceTree = "<group>"; fileEncoding = 4; };
		006D98642D954BFBA866B73B /* UIWebViewExtension.h */ = {isa = PBXFileReference; lastKnownFileType = sourcecode.c.h; name = "UIWebViewExtension.h"; path = "ionic-plugin-keyboard/UIWebViewExtension.h"; sourceTree = "<group>"; fileEncoding = 4; };
		96AE0D3B0E624BFBBB23D08C /* CDVSound.m */ = {isa = PBXFileReference; lastKnownFileType = sourcecode.c.objc; name = "CDVSound.m"; path = "cordova-plugin-media/CDVSound.m"; sourceTree = "<group>"; fileEncoding = 4; };
		1A7B282FB5234FEAB6969020 /* CDVSound.h */ = {isa = PBXFileReference; lastKnownFileType = sourcecode.c.h; name = "CDVSound.h"; path = "cordova-plugin-media/CDVSound.h"; sourceTree = "<group>"; fileEncoding = 4; };
		C7A2C57B64794CCFAFFC990B /* CDVLocation.m */ = {isa = PBXFileReference; lastKnownFileType = sourcecode.c.objc; name = "CDVLocation.m"; path = "cordova-plugin-geolocation/CDVLocation.m"; sourceTree = "<group>"; fileEncoding = 4; };
		C694A6D90A92477F8AD7CC79 /* CDVLocation.h */ = {isa = PBXFileReference; lastKnownFileType = sourcecode.c.h; name = "CDVLocation.h"; path = "cordova-plugin-geolocation/CDVLocation.h"; sourceTree = "<group>"; fileEncoding = 4; };
		09B62F379DDD435A9635EB9A /* CDVFile.m */ = {isa = PBXFileReference; lastKnownFileType = sourcecode.c.objc; name = "CDVFile.m"; path = "cordova-plugin-file/CDVFile.m"; sourceTree = "<group>"; fileEncoding = 4; };
		C01CA525DB0A40B29F142047 /* CDVLocalFilesystem.m */ = {isa = PBXFileReference; lastKnownFileType = sourcecode.c.objc; name = "CDVLocalFilesystem.m"; path = "cordova-plugin-file/CDVLocalFilesystem.m"; sourceTree = "<group>"; fileEncoding = 4; };
		98335C12077F4446905D2AD7 /* CDVAssetLibraryFilesystem.m */ = {isa = PBXFileReference; lastKnownFileType = sourcecode.c.objc; name = "CDVAssetLibraryFilesystem.m"; path = "cordova-plugin-file/CDVAssetLibraryFilesystem.m"; sourceTree = "<group>"; fileEncoding = 4; };
		97C6630402054D489A440FB2 /* CDVFile.h */ = {isa = PBXFileReference; lastKnownFileType = sourcecode.c.h; name = "CDVFile.h"; path = "cordova-plugin-file/CDVFile.h"; sourceTree = "<group>"; fileEncoding = 4; };
		65C4285AB17E407694C875B5 /* CDVLocalFilesystem.h */ = {isa = PBXFileReference; lastKnownFileType = sourcecode.c.h; name = "CDVLocalFilesystem.h"; path = "cordova-plugin-file/CDVLocalFilesystem.h"; sourceTree = "<group>"; fileEncoding = 4; };
		7ED597BC76F24FD5B7B0828E /* CDVAssetLibraryFilesystem.h */ = {isa = PBXFileReference; lastKnownFileType = sourcecode.c.h; name = "CDVAssetLibraryFilesystem.h"; path = "cordova-plugin-file/CDVAssetLibraryFilesystem.h"; sourceTree = "<group>"; fileEncoding = 4; };
/* End PBXFileReference section */

/* Begin PBXFrameworksBuildPhase section */
		1D60588F0D05DD3D006BFB54 /* Frameworks */ = {
			isa = PBXFrameworksBuildPhase;
			buildActionMask = 2147483647;
			files = (
				5B1594DD16A7569C00FEF299 /* AssetsLibrary.framework in Frameworks */,
				301BF552109A68D80062928A /* libCordova.a in Frameworks */,
				288765FD0DF74451002DB57D /* CoreGraphics.framework in Frameworks */,
				305D5FD1115AB8F900A74A75 /* MobileCoreServices.framework in Frameworks */,
				D8A7721240CE4C5F8E0840DB /* CoreLocation.framework in Frameworks */,
			);
			runOnlyForDeploymentPostprocessing = 0;
		};
/* End PBXFrameworksBuildPhase section */

/* Begin PBXGroup section */
		080E96DDFE201D6D7F000001 /* Classes */ = {
			isa = PBXGroup;
			children = (
				302D95EE14D2391D003F00A1 /* MainViewController.h */,
				302D95EF14D2391D003F00A1 /* MainViewController.m */,
				302D95F014D2391D003F00A1 /* MainViewController.xib */,
				1D3623240D0F684500981E51 /* AppDelegate.h */,
				1D3623250D0F684500981E51 /* AppDelegate.m */,
			);
			name = Classes;
			path = "Campture/Classes";
			sourceTree = SOURCE_ROOT;
		};
		19C28FACFE9D520D11CA2CBB /* Products */ = {
			isa = PBXGroup;
			children = (
				1D6058910D05DD3D006BFB54 /* Campture.app */,
			);
			name = Products;
			sourceTree = "<group>";
		};
		29B97314FDCFA39411CA2CEA /* CustomTemplate */ = {
			isa = PBXGroup;
			children = (
				EB87FDF41871DAF40020F90C /* config.xml */,
				EB87FDF31871DA8E0020F90C /* www */,
				EB87FDF21871DA7A0020F90C /* merges */,
				EB87FDF11871DA420020F90C /* Staging */,
				301BF52D109A57CC0062928A /* CordovaLib.xcodeproj */,
				080E96DDFE201D6D7F000001 /* Classes */,
				307C750510C5A3420062BCA9 /* Plugins */,
				29B97315FDCFA39411CA2CEA /* Other Sources */,
				29B97317FDCFA39411CA2CEA /* Resources */,
				29B97323FDCFA39411CA2CEA /* Frameworks */,
				19C28FACFE9D520D11CA2CBB /* Products */,
			);
			name = CustomTemplate;
			sourceTree = "<group>";
		};
		29B97315FDCFA39411CA2CEA /* Other Sources */ = {
			isa = PBXGroup;
			children = (
				32CA4F630368D1EE00C91783 /* Campture-Prefix.pch */,
				29B97316FDCFA39411CA2CEA /* main.m */,
			);
			name = "Other Sources";
			path = "Campture";
			sourceTree = "<group>";
		};
		29B97317FDCFA39411CA2CEA /* Resources */ = {
			isa = PBXGroup;
			children = (
				308D052D1370CCF300D202BF /* icons */,
				308D05311370CCF300D202BF /* splash */,
				8D1107310486CEB800E47090 /* Campture-Info.plist */,
				C517A6AAE3514F3293531E4A /* ELCAlbumPickerController.xib */,
				0F17BE4CB0FA45E0AAD2E752 /* ELCAssetPicker.xib */,
				FD7D59EC3C73430EB4AC46F9 /* ELCAssetTablePicker.xib */,
				5B9902859802430EA0239788 /* Overlay.png */,
				A11A2CABDC2349B68B0755A8 /* Overlay@2x.png */,
			);
			name = Resources;
			path = "Campture/Resources";
			sourceTree = "<group>";
		};
		29B97323FDCFA39411CA2CEA /* Frameworks */ = {
			isa = PBXGroup;
			children = (
				5B1594DC16A7569C00FEF299 /* AssetsLibrary.framework */,
				288765FC0DF74451002DB57D /* CoreGraphics.framework */,
				305D5FD0115AB8F900A74A75 /* MobileCoreServices.framework */,
				BD9D95FE532247C9806193DF /* CoreLocation.framework */,
			);
			name = Frameworks;
			sourceTree = "<group>";
		};
		301BF52E109A57CC0062928A /* Products */ = {
			isa = PBXGroup;
			children = (
				301BF535109A57CC0062928A /* libCordova.a */,
			);
			name = Products;
			sourceTree = "<group>";
		};
		307C750510C5A3420062BCA9 /* Plugins */ = {
			isa = PBXGroup;
			children = (
				E6ACBEBD0F9D41C385475931 /* SOSPicker.m */,
				FFA58C867D9943D982E86D41 /* ELCAlbumPickerController.m */,
				57C7BB24B70E45DDA56B0E25 /* ELCAsset.m */,
				B05E08F6B3B7415F9BC0A67C /* ELCAssetCell.m */,
				2B3B0173C84B4D339E193A2C /* ELCAssetTablePicker.m */,
				522E8D2907334681BF9213D8 /* ELCImagePickerController.m */,
				C97A3367E78E47CCA1204ACA /* SOSPicker.h */,
				C2B9FA2CC9544E30AFB2FAC3 /* ELCAlbumPickerController.h */,
				3F5004C003DB4875B848E306 /* ELCAsset.h */,
				50F66AC393E140A2ADB482D5 /* ELCAssetCell.h */,
				21302CD573F94310A24D6AC1 /* ELCAssetPickerFilterDelegate.h */,
				EBDA6585058E4231865344C3 /* ELCAssetSelectionDelegate.h */,
				05C1535FAB484C53B62A303A /* ELCAssetTablePicker.h */,
				109B210B7B5F4D2D80A0F5A5 /* ELCImagePickerController.h */,
				C1875BA621A84FA3A1F2D966 /* CDVLogger.m */,
				0399247DB9F1425AB9871083 /* CDVLogger.h */,
				B2A492C78B894B6BA122FC11 /* CDVDevice.m */,
				E6ECD1C4776B4370B3C3A3A3 /* CDVDevice.h */,
				FA9E5376F4B542B7B7F24FEA /* CDVSplashScreen.m */,
				3F7E013E2ED04937A09FC96E /* CDVViewController+SplashScreen.m */,
				FE36372E831C489293794EA1 /* CDVSplashScreen.h */,
				B2CFF547775247E1B717A0B5 /* CDVViewController+SplashScreen.h */,
				B5325CBF62AC458DA18C260A /* CDVStatusBar.m */,
				B2196A71EB88437AAC73F4E0 /* CDVStatusBar.h */,
				71F9DCB8EDF54957A1832FDC /* IonicKeyboard.m */,
				A35C49D44DAC4992A5F89981 /* UIWebViewExtension.m */,
				0BFF97159FF64E0C9E43914A /* IonicKeyboard.h */,
				006D98642D954BFBA866B73B /* UIWebViewExtension.h */,
				96AE0D3B0E624BFBBB23D08C /* CDVSound.m */,
				1A7B282FB5234FEAB6969020 /* CDVSound.h */,
				C7A2C57B64794CCFAFFC990B /* CDVLocation.m */,
				C694A6D90A92477F8AD7CC79 /* CDVLocation.h */,
				09B62F379DDD435A9635EB9A /* CDVFile.m */,
				C01CA525DB0A40B29F142047 /* CDVLocalFilesystem.m */,
				98335C12077F4446905D2AD7 /* CDVAssetLibraryFilesystem.m */,
				97C6630402054D489A440FB2 /* CDVFile.h */,
				65C4285AB17E407694C875B5 /* CDVLocalFilesystem.h */,
				7ED597BC76F24FD5B7B0828E /* CDVAssetLibraryFilesystem.h */,
			);
			name = Plugins;
			path = "Campture/Plugins";
			sourceTree = SOURCE_ROOT;
		};
		308D052D1370CCF300D202BF /* icons */ = {
			isa = PBXGroup;
			children = (
				30C1856519D5FC0A00212699 /* icon-60@3x.png */,
				7E7966D41810823500FA85AD /* icon-40.png */,
				7E7966D51810823500FA85AD /* icon-40@2x.png */,
				7E7966D61810823500FA85AD /* icon-50.png */,
				7E7966D71810823500FA85AD /* icon-50@2x.png */,
				7E7966D81810823500FA85AD /* icon-60.png */,
				7E7966D91810823500FA85AD /* icon-60@2x.png */,
				7E7966DA1810823500FA85AD /* icon-76.png */,
				7E7966DB1810823500FA85AD /* icon-76@2x.png */,
				7E7966DC1810823500FA85AD /* icon-small.png */,
				7E7966DD1810823500FA85AD /* icon-small@2x.png */,
				30FC414816E50CA1004E6F35 /* icon-72@2x.png */,
				308D052E1370CCF300D202BF /* icon-72.png */,
				308D052F1370CCF300D202BF /* icon.png */,
				308D05301370CCF300D202BF /* icon@2x.png */,
			);
			path = icons;
			sourceTree = "<group>";
		};
		308D05311370CCF300D202BF /* splash */ = {
			isa = PBXGroup;
			children = (
				30B4F2FD19D5E07200D9F7D8 /* Default-667h.png */,
				30B4F2FE19D5E07200D9F7D8 /* Default-736h.png */,
				30B4F2FF19D5E07200D9F7D8 /* Default-Landscape-736h.png */,
				D4A0D8751607E02300AEF8BB /* Default-568h@2x~iphone.png */,
				3088BBB7154F3926009F9C59 /* Default-Landscape@2x~ipad.png */,
				3088BBB8154F3926009F9C59 /* Default-Landscape~ipad.png */,
				3088BBB9154F3926009F9C59 /* Default-Portrait@2x~ipad.png */,
				3088BBBA154F3926009F9C59 /* Default-Portrait~ipad.png */,
				3088BBBB154F3926009F9C59 /* Default@2x~iphone.png */,
				3088BBBC154F3926009F9C59 /* Default~iphone.png */,
			);
			path = splash;
			sourceTree = "<group>";
		};
		EB87FDF11871DA420020F90C /* Staging */ = {
			isa = PBXGroup;
			children = (
				F840E1F0165FE0F500CFE078 /* config.xml */,
				301BF56E109A69640062928A /* www */,
			);
			name = Staging;
			sourceTree = "<group>";
		};
/* End PBXGroup section */

/* Begin PBXNativeTarget section */
		1D6058900D05DD3D006BFB54 /* Campture */ = {
			isa = PBXNativeTarget;
			buildConfigurationList = 1D6058960D05DD3E006BFB54 /* Build configuration list for PBXNativeTarget "Campture" */;
			buildPhases = (
				304B58A110DAC018002A0835 /* Copy www directory */,
				1D60588D0D05DD3D006BFB54 /* Resources */,
				1D60588E0D05DD3D006BFB54 /* Sources */,
				1D60588F0D05DD3D006BFB54 /* Frameworks */,
			);
			buildRules = (
			);
			dependencies = (
				301BF551109A68C00062928A /* PBXTargetDependency */,
			);
			name = "Campture";
			productName = "Campture";
			productReference = 1D6058910D05DD3D006BFB54 /* Campture.app */;
			productType = "com.apple.product-type.application";
		};
/* End PBXNativeTarget section */

/* Begin PBXProject section */
		29B97313FDCFA39411CA2CEA /* Project object */ = {
			isa = PBXProject;
			attributes = {
				LastUpgradeCheck = 510;
			};
			buildConfigurationList = C01FCF4E08A954540054247B /* Build configuration list for PBXProject "__CLI__" */;
			compatibilityVersion = "Xcode 3.2";
			developmentRegion = English;
			hasScannedForEncodings = 1;
			knownRegions = (
				English,
				Japanese,
				French,
				German,
				en,
				es,
				de,
				se,
			);
			mainGroup = 29B97314FDCFA39411CA2CEA /* CustomTemplate */;
			projectDirPath = "";
			projectReferences = (
				{
					ProductGroup = 301BF52E109A57CC0062928A /* Products */;
					ProjectRef = 301BF52D109A57CC0062928A /* CordovaLib.xcodeproj */;
				},
			);
			projectRoot = "";
			targets = (
				1D6058900D05DD3D006BFB54 /* Campture */,
			);
		};
/* End PBXProject section */

/* Begin PBXReferenceProxy section */
		301BF535109A57CC0062928A /* libCordova.a */ = {
			isa = PBXReferenceProxy;
			fileType = archive.ar;
			path = libCordova.a;
			remoteRef = 301BF534109A57CC0062928A /* PBXContainerItemProxy */;
			sourceTree = BUILT_PRODUCTS_DIR;
		};
/* End PBXReferenceProxy section */

/* Begin PBXResourcesBuildPhase section */
		1D60588D0D05DD3D006BFB54 /* Resources */ = {
			isa = PBXResourcesBuildPhase;
			buildActionMask = 2147483647;
			files = (
				7E7966E41810823500FA85AD /* icon-76.png in Resources */,
				7E7966DF1810823500FA85AD /* icon-40@2x.png in Resources */,
				308D05371370CCF300D202BF /* icon-72.png in Resources */,
				30B4F30119D5E07200D9F7D8 /* Default-736h.png in Resources */,
				308D05381370CCF300D202BF /* icon.png in Resources */,
				308D05391370CCF300D202BF /* icon@2x.png in Resources */,
				302D95F214D2391D003F00A1 /* MainViewController.xib in Resources */,
				7E7966E01810823500FA85AD /* icon-50.png in Resources */,
				7E7966E31810823500FA85AD /* icon-60@2x.png in Resources */,
				7E7966E61810823500FA85AD /* icon-small.png in Resources */,
				3088BBBD154F3926009F9C59 /* Default-Landscape@2x~ipad.png in Resources */,
				3088BBBE154F3926009F9C59 /* Default-Landscape~ipad.png in Resources */,
				3088BBBF154F3926009F9C59 /* Default-Portrait@2x~ipad.png in Resources */,
				7E7966E71810823500FA85AD /* icon-small@2x.png in Resources */,
				3088BBC0154F3926009F9C59 /* Default-Portrait~ipad.png in Resources */,
				30B4F30019D5E07200D9F7D8 /* Default-667h.png in Resources */,
				7E7966DE1810823500FA85AD /* icon-40.png in Resources */,
				3088BBC1154F3926009F9C59 /* Default@2x~iphone.png in Resources */,
				7E7966E21810823500FA85AD /* icon-60.png in Resources */,
				3088BBC2154F3926009F9C59 /* Default~iphone.png in Resources */,
				D4A0D8761607E02300AEF8BB /* Default-568h@2x~iphone.png in Resources */,
				30B4F30219D5E07200D9F7D8 /* Default-Landscape-736h.png in Resources */,
				30C1856619D5FC0A00212699 /* icon-60@3x.png in Resources */,
				7E7966E11810823500FA85AD /* icon-50@2x.png in Resources */,
				7E7966E51810823500FA85AD /* icon-76@2x.png in Resources */,
				30FC414916E50CA1004E6F35 /* icon-72@2x.png in Resources */,
				1A457D8502FD4CE4ACE686F8 /* ELCAlbumPickerController.xib in Resources */,
				32272CFA9B5A4799B724BC07 /* ELCAssetPicker.xib in Resources */,
				A28DE6F1B2F340CE9FF0FF19 /* ELCAssetTablePicker.xib in Resources */,
				A5AEEB3395554FE5B476A9F6 /* Overlay.png in Resources */,
				98164BD3A37E49F593EFF8E9 /* Overlay@2x.png in Resources */,
			);
			runOnlyForDeploymentPostprocessing = 0;
		};
/* End PBXResourcesBuildPhase section */

/* Begin PBXShellScriptBuildPhase section */
		304B58A110DAC018002A0835 /* Copy www directory */ = {
			isa = PBXShellScriptBuildPhase;
			buildActionMask = 2147483647;
			files = (
			);
			inputPaths = (
			);
			name = "Copy www directory";
			outputPaths = (
			);
			runOnlyForDeploymentPostprocessing = 0;
			shellPath = /bin/sh;
			shellScript = "cordova/lib/copy-www-build-step.sh";
			showEnvVarsInLog = 0;
		};
/* End PBXShellScriptBuildPhase section */

/* Begin PBXSourcesBuildPhase section */
		1D60588E0D05DD3D006BFB54 /* Sources */ = {
			isa = PBXSourcesBuildPhase;
			buildActionMask = 2147483647;
			files = (
				1D60589B0D05DD56006BFB54 /* main.m in Sources */,
				1D3623260D0F684500981E51 /* AppDelegate.m in Sources */,
				302D95F114D2391D003F00A1 /* MainViewController.m in Sources */,
				4F3991BEA78848C59B280BCE /* SOSPicker.m in Sources */,
				4987A60080AB435299105E66 /* ELCAlbumPickerController.m in Sources */,
				B1F9972B2686485FA96FF847 /* ELCAsset.m in Sources */,
				9F3B5934804A4A808458DD20 /* ELCAssetCell.m in Sources */,
				52ECD313617442D580CAB3EC /* ELCAssetTablePicker.m in Sources */,
				F48C8B41A91A460EAB64B4DC /* ELCImagePickerController.m in Sources */,
				DE67A9CCE71D4C2B9B680B6D /* CDVLogger.m in Sources */,
				40F7859AAED6413AA86B07BC /* CDVDevice.m in Sources */,
				000CA2592238438E861C6C77 /* CDVSplashScreen.m in Sources */,
				5B680711E0104C21A8DE2C01 /* CDVViewController+SplashScreen.m in Sources */,
				F22859D2E4CD4D1B8C1379F8 /* CDVStatusBar.m in Sources */,
				AAAC8D6CF42749DBA9E574C1 /* IonicKeyboard.m in Sources */,
				A744143B015547E291C4E931 /* UIWebViewExtension.m in Sources */,
				5EDA7FAB7F3A4198A17DD59D /* CDVSound.m in Sources */,
				8928D77FE0A84F2BB7E3B366 /* CDVLocation.m in Sources */,
				BA606A8D9EC0426098BC97AB /* CDVFile.m in Sources */,
				52BE791D48924A5099FD92C8 /* CDVLocalFilesystem.m in Sources */,
				BED6E1FB48A4494CA155936E /* CDVAssetLibraryFilesystem.m in Sources */,
			);
			runOnlyForDeploymentPostprocessing = 0;
		};
/* End PBXSourcesBuildPhase section */

/* Begin PBXTargetDependency section */
		301BF551109A68C00062928A /* PBXTargetDependency */ = {
			isa = PBXTargetDependency;
			name = CordovaLib;
			targetProxy = 301BF550109A68C00062928A /* PBXContainerItemProxy */;
		};
/* End PBXTargetDependency section */

/* Begin XCBuildConfiguration section */
		1D6058940D05DD3E006BFB54 /* Debug */ = {
			isa = XCBuildConfiguration;
			buildSettings = {
				ALWAYS_SEARCH_USER_PATHS = NO;
				CLANG_ENABLE_OBJC_ARC = YES;
				COPY_PHASE_STRIP = NO;
				GCC_DYNAMIC_NO_PIC = NO;
				GCC_OPTIMIZATION_LEVEL = 0;
				GCC_PRECOMPILE_PREFIX_HEADER = YES;
				GCC_PREFIX_HEADER = "Campture/Campture-Prefix.pch";
				GCC_THUMB_SUPPORT = NO;
				GCC_VERSION = "";
				INFOPLIST_FILE = "Campture/Campture-Info.plist";
				IPHONEOS_DEPLOYMENT_TARGET = 6.0;
				OTHER_LDFLAGS = (
					"-weak_framework",
					CoreFoundation,
					"-weak_framework",
					UIKit,
					"-weak_framework",
					AVFoundation,
					"-weak_framework",
					CoreMedia,
					"-weak-lSystem",
					"-ObjC",
				);
				PRODUCT_NAME = "Campture";
				TARGETED_DEVICE_FAMILY = "1,2";
			};
			name = Debug;
		};
		1D6058950D05DD3E006BFB54 /* Release */ = {
			isa = XCBuildConfiguration;
			buildSettings = {
				ALWAYS_SEARCH_USER_PATHS = NO;
				CLANG_ENABLE_OBJC_ARC = YES;
				COPY_PHASE_STRIP = YES;
				GCC_PRECOMPILE_PREFIX_HEADER = YES;
				GCC_PREFIX_HEADER = "Campture/Campture-Prefix.pch";
				GCC_THUMB_SUPPORT = NO;
				GCC_VERSION = "";
				INFOPLIST_FILE = "Campture/Campture-Info.plist";
				IPHONEOS_DEPLOYMENT_TARGET = 6.0;
				OTHER_LDFLAGS = (
					"-weak_framework",
					CoreFoundation,
					"-weak_framework",
					UIKit,
					"-weak_framework",
					AVFoundation,
					"-weak_framework",
					CoreMedia,
					"-weak-lSystem",
					"-ObjC",
				);
				PRODUCT_NAME = "Campture";
				TARGETED_DEVICE_FAMILY = "1,2";
			};
			name = Release;
		};
		C01FCF4F08A954540054247B /* Debug */ = {
			isa = XCBuildConfiguration;
			buildSettings = {
				CLANG_ENABLE_OBJC_ARC = YES;
				CLANG_WARN_BOOL_CONVERSION = YES;
				CLANG_WARN_CONSTANT_CONVERSION = YES;
				CLANG_WARN_EMPTY_BODY = YES;
				CLANG_WARN_ENUM_CONVERSION = YES;
				CLANG_WARN_INT_CONVERSION = YES;
				CLANG_WARN__DUPLICATE_METHOD_MATCH = YES;
				"CODE_SIGN_IDENTITY[sdk=iphoneos*]" = "iPhone Developer";
				GCC_C_LANGUAGE_STANDARD = c99;
				GCC_THUMB_SUPPORT = NO;
				GCC_VERSION = "";
				GCC_WARN_ABOUT_RETURN_TYPE = YES;
				GCC_WARN_UNDECLARED_SELECTOR = YES;
				GCC_WARN_UNINITIALIZED_AUTOS = YES;
				GCC_WARN_UNUSED_FUNCTION = YES;
				GCC_WARN_UNUSED_VARIABLE = YES;
				HEADER_SEARCH_PATHS = (
					"\"$(TARGET_BUILD_DIR)/usr/local/lib/include\"",
					"\"$(OBJROOT)/UninstalledProducts/include\"",
					"\"$(BUILT_PRODUCTS_DIR)\"",
				);
				IPHONEOS_DEPLOYMENT_TARGET = 6.0;
				ONLY_ACTIVE_ARCH = YES;
				OTHER_LDFLAGS = (
					"-weak_framework",
					CoreFoundation,
					"-weak_framework",
					UIKit,
					"-weak_framework",
					AVFoundation,
					"-weak_framework",
					CoreMedia,
					"-weak-lSystem",
					"-ObjC",
				);
				SDKROOT = iphoneos;
				SKIP_INSTALL = NO;
				USER_HEADER_SEARCH_PATHS = "";
			};
			name = Debug;
		};
		C01FCF5008A954540054247B /* Release */ = {
			isa = XCBuildConfiguration;
			buildSettings = {
				CLANG_ENABLE_OBJC_ARC = YES;
				CLANG_WARN_BOOL_CONVERSION = YES;
				CLANG_WARN_CONSTANT_CONVERSION = YES;
				CLANG_WARN_EMPTY_BODY = YES;
				CLANG_WARN_ENUM_CONVERSION = YES;
				CLANG_WARN_INT_CONVERSION = YES;
				CLANG_WARN__DUPLICATE_METHOD_MATCH = YES;
				"CODE_SIGN_IDENTITY[sdk=iphoneos*]" = "iPhone Developer";
				GCC_C_LANGUAGE_STANDARD = c99;
				GCC_THUMB_SUPPORT = NO;
				GCC_VERSION = "";
				GCC_WARN_ABOUT_RETURN_TYPE = YES;
				GCC_WARN_UNDECLARED_SELECTOR = YES;
				GCC_WARN_UNINITIALIZED_AUTOS = YES;
				GCC_WARN_UNUSED_FUNCTION = YES;
				GCC_WARN_UNUSED_VARIABLE = YES;
				HEADER_SEARCH_PATHS = (
					"\"$(TARGET_BUILD_DIR)/usr/local/lib/include\"",
					"\"$(OBJROOT)/UninstalledProducts/include\"",
					"\"$(BUILT_PRODUCTS_DIR)\"",
				);
				IPHONEOS_DEPLOYMENT_TARGET = 6.0;
				OTHER_LDFLAGS = (
					"-weak_framework",
					CoreFoundation,
					"-weak_framework",
					UIKit,
					"-weak_framework",
					AVFoundation,
					"-weak_framework",
					CoreMedia,
					"-weak-lSystem",
					"-ObjC",
				);
				SDKROOT = iphoneos;
				SKIP_INSTALL = NO;
				USER_HEADER_SEARCH_PATHS = "";
			};
			name = Release;
		};
/* End XCBuildConfiguration section */

/* Begin XCConfigurationList section */
		1D6058960D05DD3E006BFB54 /* Build configuration list for PBXNativeTarget "Campture" */ = {
			isa = XCConfigurationList;
			buildConfigurations = (
				1D6058940D05DD3E006BFB54 /* Debug */,
				1D6058950D05DD3E006BFB54 /* Release */,
			);
			defaultConfigurationIsVisible = 0;
			defaultConfigurationName = Release;
		};
		C01FCF4E08A954540054247B /* Build configuration list for PBXProject "__CLI__" */ = {
			isa = XCConfigurationList;
			buildConfigurations = (
				C01FCF4F08A954540054247B /* Debug */,
				C01FCF5008A954540054247B /* Release */,
			);
			defaultConfigurationIsVisible = 0;
			defaultConfigurationName = Release;
		};
/* End XCConfigurationList section */
	};
	rootObject = 29B97313FDCFA39411CA2CEA /* Project object */;
}
